
Microsoft Visual Studio Solution File, Format Version 12.00
# Visual Studio Version 17
VisualStudioVersion = 17.5.33516.290
MinimumVisualStudioVersion = 10.0.40219.1
Project("{9A19103F-16F7-4668-BE54-9A1E7A4F7556}") = "Evaluation", "Evaluation.csproj", "{FCC8CBF2-0FD2-4BB2-B79D-E386C2949D92}"
EndProject
Project("{9A19103F-16F7-4668-BE54-9A1E7A4F7556}") = "EvaluationTestLib", "EvaluationTestLib\EvaluationTestLib.csproj", "{829FB732-FEEC-49A7-837E-F781A4D62D8C}"
EndProject
Global
	GlobalSection(SolutionConfigurationPlatforms) = preSolution
		Debug|Any CPU = Debug|Any CPU
		Release|Any CPU = Release|Any CPU
	EndGlobalSection
	GlobalSection(ProjectConfigurationPlatforms) = postSolution
		{FCC8CBF2-0FD2-4BB2-B79D-E386C2949D92}.Debug|Any CPU.ActiveCfg = Debug|Any CPU
		{FCC8CBF2-0FD2-4BB2-B79D-E386C2949D92}.Debug|Any CPU.Build.0 = Debug|Any CPU
		{FCC8CBF2-0FD2-4BB2-B79D-E386C2949D92}.Release|Any CPU.ActiveCfg = Release|Any CPU
		{FCC8CBF2-0FD2-4BB2-B79D-E386C2949D92}.Release|Any CPU.Build.0 = Release|Any CPU
		{829FB732-FEEC-49A7-837E-F781A4D62D8C}.Debug|Any CPU.ActiveCfg = Debug|Any CPU
		{829FB732-FEEC-49A7-837E-F781A4D62D8C}.Debug|Any CPU.Build.0 = Debug|Any CPU
		{829FB732-FEEC-49A7-837E-F781A4D62D8C}.Release|Any CPU.ActiveCfg = Release|Any CPU
		{829FB732-FEEC-49A7-837E-F781A4D62D8C}.Release|Any CPU.Build.0 = Release|Any CPU
	EndGlobalSection
	GlobalSection(SolutionProperties) = preSolution
		HideSolutionNode = FALSE
	EndGlobalSection
	GlobalSection(ExtensibilityGlobals) = postSolution
		SolutionGuid = {A383055C-6EFA-454B-B6E7-540714A1D6E5}
	EndGlobalSection
EndGlobal
